
Microsoft Visual Studio Solution File, Format Version 12.00
# Visual Studio 15
VisualStudioVersion = 15.0.28307.572
MinimumVisualStudioVersion = 10.0.40219.1
Project("{FAE04EC0-301F-11D3-BF4B-00C04F79EFBC}") = "B19 Ex05 Alex 321336182 Dor 300109006", "B19 Ex05 Alex 321336182 Dor 300109006\B19 Ex05 Alex 321336182 Dor 300109006.csproj", "{C9CAD2D6-B366-40EB-BC83-B1A3C42738EE}"
EndProject
Project("{2150E333-8FDC-42A3-9474-1A3956D46DE8}") = "Solution Items", "Solution Items", "{C27BFB1D-2F18-426C-A23B-791DE0146C37}"
	ProjectSection(SolutionItems) = preProject
		Information.txt = Information.txt
	EndProjectSection
EndProject
Global
	GlobalSection(SolutionConfigurationPlatforms) = preSolution
		Debug|Any CPU = Debug|Any CPU
		Release|Any CPU = Release|Any CPU
	EndGlobalSection
	GlobalSection(ProjectConfigurationPlatforms) = postSolution
		{C9CAD2D6-B366-40EB-BC83-B1A3C42738EE}.Debug|Any CPU.ActiveCfg = Debug|Any CPU
		{C9CAD2D6-B366-40EB-BC83-B1A3C42738EE}.Debug|Any CPU.Build.0 = Debug|Any CPU
		{C9CAD2D6-B366-40EB-BC83-B1A3C42738EE}.Release|Any CPU.ActiveCfg = Release|Any CPU
		{C9CAD2D6-B366-40EB-BC83-B1A3C42738EE}.Release|Any CPU.Build.0 = Release|Any CPU
	EndGlobalSection
	GlobalSection(SolutionProperties) = preSolution
		HideSolutionNode = FALSE
	EndGlobalSection
	GlobalSection(ExtensibilityGlobals) = postSolution
		SolutionGuid = {37247BBE-676C-41DE-840A-E0599528CC09}
	EndGlobalSection
EndGlobal
